// !$*UTF8*$!
{
	archiveVersion = 1;
	classes = {
	};
	objectVersion = 77;
	objects = {

/* Begin PBXBuildFile section */
		EE9F43592D04079100FEDC8F /* Assets.xcassets in Resources */ = {isa = PBXBuildFile; fileRef = EE9F43542D04079100FEDC8F /* Assets.xcassets */; };
		EE9F435B2D04079100FEDC8F /* LogHelper.swift in Sources */ = {isa = PBXBuildFile; fileRef = EE9F43412D04079100FEDC8F /* LogHelper.swift */; };
		EE9F435C2D04079100FEDC8F /* AccessibilityManager.swift in Sources */ = {isa = PBXBuildFile; fileRef = EE9F43432D04079100FEDC8F /* AccessibilityManager.swift */; };
		EE9F435D2D04079100FEDC8F /* ElementCacheManager.swift in Sources */ = {isa = PBXBuildFile; fileRef = EE9F43442D04079100FEDC8F /* ElementCacheManager.swift */; };
		EE9F435E2D04079100FEDC8F /* AppManager.swift in Sources */ = {isa = PBXBuildFile; fileRef = EE9F43472D04079100FEDC8F /* AppManager.swift */; };
		EE9F435F2D04079100FEDC8F /* BackgroundTaskManager.swift in Sources */ = {isa = PBXBuildFile; fileRef = EE9F43482D04079100FEDC8F /* BackgroundTaskManager.swift */; };
		EE9F43602D04079100FEDC8F /* CrashReporter.swift in Sources */ = {isa = PBXBuildFile; fileRef = EE9F43492D04079100FEDC8F /* CrashReporter.swift */; };
		EE9F43612D04079100FEDC8F /* ErrorManager.swift in Sources */ = {isa = PBXBuildFile; fileRef = EE9F434A2D04079100FEDC8F /* ErrorManager.swift */; };
		EE9F43622D04079100FEDC8F /* ShortcutManager.swift in Sources */ = {isa = PBXBuildFile; fileRef = EE9F434B2D04079100FEDC8F /* ShortcutManager.swift */; };
		EE9F43632D04079100FEDC8F /* DebugView.swift in Sources */ = {isa = PBXBuildFile; fileRef = EE9F434E2D04079100FEDC8F /* DebugView.swift */; };
		EE9F43642D04079100FEDC8F /* InfoView.swift in Sources */ = {isa = PBXBuildFile; fileRef = EE9F434F2D04079100FEDC8F /* InfoView.swift */; };
		EE9F43652D04079100FEDC8F /* RootView.swift in Sources */ = {isa = PBXBuildFile; fileRef = EE9F43502D04079100FEDC8F /* RootView.swift */; };
		EE9F43662D04079100FEDC8F /* ShortcutBindingView.swift in Sources */ = {isa = PBXBuildFile; fileRef = EE9F43512D04079100FEDC8F /* ShortcutBindingView.swift */; };
		EE9F43672D04079100FEDC8F /* AppDelegate.swift in Sources */ = {isa = PBXBuildFile; fileRef = EE9F43532D04079100FEDC8F /* AppDelegate.swift */; };
		EE9F43682D04079100FEDC8F /* MN4HammerApp.swift in Sources */ = {isa = PBXBuildFile; fileRef = EE9F43572D04079100FEDC8F /* MN4HammerApp.swift */; };
		EEE922512CFEDB6C001BCE70 /* README.md in Resources */ = {isa = PBXBuildFile; fileRef = EEE922502CFEDB6C001BCE70 /* README.md */; };
/* End PBXBuildFile section */

/* Begin PBXContainerItemProxy section */
		EEE8DF332CF35D44008546D0 /* PBXContainerItemProxy */ = {
			isa = PBXContainerItemProxy;
			containerPortal = EEE8DF192CF35D42008546D0 /* Project object */;
			proxyType = 1;
			remoteGlobalIDString = EEE8DF202CF35D42008546D0;
			remoteInfo = MN4Hammer;
		};
		EEE8DF3D2CF35D44008546D0 /* PBXContainerItemProxy */ = {
			isa = PBXContainerItemProxy;
			containerPortal = EEE8DF192CF35D42008546D0 /* Project object */;
			proxyType = 1;
			remoteGlobalIDString = EEE8DF202CF35D42008546D0;
			remoteInfo = MN4Hammer;
		};
/* End PBXContainerItemProxy section */

/* Begin PBXFileReference section */
		EE9F43412D04079100FEDC8F /* LogHelper.swift */ = {isa = PBXFileReference; lastKnownFileType = sourcecode.swift; path = LogHelper.swift; sourceTree = "<group>"; };
		EE9F43432D04079100FEDC8F /* AccessibilityManager.swift */ = {isa = PBXFileReference; lastKnownFileType = sourcecode.swift; path = AccessibilityManager.swift; sourceTree = "<group>"; };
		EE9F43442D04079100FEDC8F /* ElementCacheManager.swift */ = {isa = PBXFileReference; lastKnownFileType = sourcecode.swift; path = ElementCacheManager.swift; sourceTree = "<group>"; };
		EE9F43472D04079100FEDC8F /* AppManager.swift */ = {isa = PBXFileReference; lastKnownFileType = sourcecode.swift; path = AppManager.swift; sourceTree = "<group>"; };
		EE9F43482D04079100FEDC8F /* BackgroundTaskManager.swift */ = {isa = PBXFileReference; lastKnownFileType = sourcecode.swift; path = BackgroundTaskManager.swift; sourceTree = "<group>"; };
		EE9F43492D04079100FEDC8F /* CrashReporter.swift */ = {isa = PBXFileReference; lastKnownFileType = sourcecode.swift; path = CrashReporter.swift; sourceTree = "<group>"; };
		EE9F434A2D04079100FEDC8F /* ErrorManager.swift */ = {isa = PBXFileReference; lastKnownFileType = sourcecode.swift; path = ErrorManager.swift; sourceTree = "<group>"; };
		EE9F434B2D04079100FEDC8F /* ShortcutManager.swift */ = {isa = PBXFileReference; lastKnownFileType = sourcecode.swift; path = ShortcutManager.swift; sourceTree = "<group>"; };
		EE9F434E2D04079100FEDC8F /* DebugView.swift */ = {isa = PBXFileReference; lastKnownFileType = sourcecode.swift; path = DebugView.swift; sourceTree = "<group>"; };
		EE9F434F2D04079100FEDC8F /* InfoView.swift */ = {isa = PBXFileReference; lastKnownFileType = sourcecode.swift; path = InfoView.swift; sourceTree = "<group>"; };
		EE9F43502D04079100FEDC8F /* RootView.swift */ = {isa = PBXFileReference; lastKnownFileType = sourcecode.swift; path = RootView.swift; sourceTree = "<group>"; };
		EE9F43512D04079100FEDC8F /* ShortcutBindingView.swift */ = {isa = PBXFileReference; lastKnownFileType = sourcecode.swift; path = ShortcutBindingView.swift; sourceTree = "<group>"; };
		EE9F43532D04079100FEDC8F /* AppDelegate.swift */ = {isa = PBXFileReference; lastKnownFileType = sourcecode.swift; path = AppDelegate.swift; sourceTree = "<group>"; };
		EE9F43542D04079100FEDC8F /* Assets.xcassets */ = {isa = PBXFileReference; lastKnownFileType = folder.assetcatalog; path = Assets.xcassets; sourceTree = "<group>"; };
		EE9F43552D04079100FEDC8F /* Info.plist */ = {isa = PBXFileReference; lastKnownFileType = text.plist.xml; path = Info.plist; sourceTree = "<group>"; };
		EE9F43562D04079100FEDC8F /* MN4Hammer.entitlements */ = {isa = PBXFileReference; lastKnownFileType = text.plist.entitlements; path = MN4Hammer.entitlements; sourceTree = "<group>"; };
		EE9F43572D04079100FEDC8F /* MN4HammerApp.swift */ = {isa = PBXFileReference; lastKnownFileType = sourcecode.swift; path = MN4HammerApp.swift; sourceTree = "<group>"; };
		EEE8DF212CF35D42008546D0 /* MN4Hammer.app */ = {isa = PBXFileReference; explicitFileType = wrapper.application; includeInIndex = 0; path = MN4Hammer.app; sourceTree = BUILT_PRODUCTS_DIR; };
		EEE8DF322CF35D44008546D0 /* MN4HammerTests.xctest */ = {isa = PBXFileReference; explicitFileType = wrapper.cfbundle; includeInIndex = 0; path = MN4HammerTests.xctest; sourceTree = BUILT_PRODUCTS_DIR; };
		EEE8DF3C2CF35D44008546D0 /* MN4HammerUITests.xctest */ = {isa = PBXFileReference; explicitFileType = wrapper.cfbundle; includeInIndex = 0; path = MN4HammerUITests.xctest; sourceTree = BUILT_PRODUCTS_DIR; };
		EEE922502CFEDB6C001BCE70 /* README.md */ = {isa = PBXFileReference; lastKnownFileType = net.daringfireball.markdown; path = README.md; sourceTree = "<group>"; };
/* End PBXFileReference section */

/* Begin PBXFrameworksBuildPhase section */
		EEE8DF1E2CF35D42008546D0 /* Frameworks */ = {
			isa = PBXFrameworksBuildPhase;
			buildActionMask = 2147483647;
			files = (
			);
			runOnlyForDeploymentPostprocessing = 0;
		};
		EEE8DF2F2CF35D44008546D0 /* Frameworks */ = {
			isa = PBXFrameworksBuildPhase;
			buildActionMask = 2147483647;
			files = (
			);
			runOnlyForDeploymentPostprocessing = 0;
		};
		EEE8DF392CF35D44008546D0 /* Frameworks */ = {
			isa = PBXFrameworksBuildPhase;
			buildActionMask = 2147483647;
			files = (
			);
			runOnlyForDeploymentPostprocessing = 0;
		};
/* End PBXFrameworksBuildPhase section */

/* Begin PBXGroup section */
		EE9F43422D04079100FEDC8F /* Utilities */ = {
			isa = PBXGroup;
			children = (
				EE9F43412D04079100FEDC8F /* LogHelper.swift */,
			);
			path = Utilities;
			sourceTree = "<group>";
		};
		EE9F43452D04079100FEDC8F /* Models */ = {
			isa = PBXGroup;
			children = (
				EE9F43422D04079100FEDC8F /* Utilities */,
				EE9F43432D04079100FEDC8F /* AccessibilityManager.swift */,
				EE9F43442D04079100FEDC8F /* ElementCacheManager.swift */,
			);
			path = Models;
			sourceTree = "<group>";
		};
		EE9F43462D04079100FEDC8F /* Preview Content */ = {
			isa = PBXGroup;
			children = (
			);
			path = "Preview Content";
			sourceTree = "<group>";
		};
		EE9F434C2D04079100FEDC8F /* Services */ = {
			isa = PBXGroup;
			children = (
				EE9F43472D04079100FEDC8F /* AppManager.swift */,
				EE9F43482D04079100FEDC8F /* BackgroundTaskManager.swift */,
				EE9F43492D04079100FEDC8F /* CrashReporter.swift */,
				EE9F434A2D04079100FEDC8F /* ErrorManager.swift */,
				EE9F434B2D04079100FEDC8F /* ShortcutManager.swift */,
			);
			path = Services;
			sourceTree = "<group>";
		};
		EE9F434D2D04079100FEDC8F /* ViewModels */ = {
			isa = PBXGroup;
			children = (
			);
			path = ViewModels;
			sourceTree = "<group>";
		};
		EE9F43522D04079100FEDC8F /* Views */ = {
			isa = PBXGroup;
			children = (
				EE9F434E2D04079100FEDC8F /* DebugView.swift */,
				EE9F434F2D04079100FEDC8F /* InfoView.swift */,
				EE9F43502D04079100FEDC8F /* RootView.swift */,
				EE9F43512D04079100FEDC8F /* ShortcutBindingView.swift */,
			);
			path = Views;
			sourceTree = "<group>";
		};
		EE9F43582D04079100FEDC8F /* MN4Hammer */ = {
			isa = PBXGroup;
			children = (
				EE9F43572D04079100FEDC8F /* MN4HammerApp.swift */,
				EE9F43532D04079100FEDC8F /* AppDelegate.swift */,
				EE9F43522D04079100FEDC8F /* Views */,
				EE9F434D2D04079100FEDC8F /* ViewModels */,
				EE9F434C2D04079100FEDC8F /* Services */,
				EE9F43452D04079100FEDC8F /* Models */,
				EE9F43462D04079100FEDC8F /* Preview Content */,
				EE9F43542D04079100FEDC8F /* Assets.xcassets */,
				EE9F43552D04079100FEDC8F /* Info.plist */,
				EE9F43562D04079100FEDC8F /* MN4Hammer.entitlements */,
			);
			path = MN4Hammer;
			sourceTree = "<group>";
		};
		EEE8DF182CF35D42008546D0 = {
			isa = PBXGroup;
			children = (
				EEE922502CFEDB6C001BCE70 /* README.md */,
				EE9F43582D04079100FEDC8F /* MN4Hammer */,
				EEE8DF222CF35D42008546D0 /* Products */,
			);
			sourceTree = "<group>";
		};
		EEE8DF222CF35D42008546D0 /* Products */ = {
			isa = PBXGroup;
			children = (
				EEE8DF212CF35D42008546D0 /* MN4Hammer.app */,
				EEE8DF322CF35D44008546D0 /* MN4HammerTests.xctest */,
				EEE8DF3C2CF35D44008546D0 /* MN4HammerUITests.xctest */,
			);
			name = Products;
			sourceTree = "<group>";
		};
/* End PBXGroup section */

/* Begin PBXNativeTarget section */
		EEE8DF202CF35D42008546D0 /* MN4Hammer */ = {
			isa = PBXNativeTarget;
			buildConfigurationList = EEE8DF462CF35D44008546D0 /* Build configuration list for PBXNativeTarget "MN4Hammer" */;
			buildPhases = (
				EEE8DF1D2CF35D42008546D0 /* Sources */,
				EEE8DF1E2CF35D42008546D0 /* Frameworks */,
				EEE8DF1F2CF35D42008546D0 /* Resources */,
			);
			buildRules = (
			);
			dependencies = (
			);
			name = MN4Hammer;
			packageProductDependencies = (
			);
			productName = MN4Hammer;
			productReference = EEE8DF212CF35D42008546D0 /* MN4Hammer.app */;
			productType = "com.apple.product-type.application";
		};
		EEE8DF312CF35D44008546D0 /* MN4HammerTests */ = {
			isa = PBXNativeTarget;
			buildConfigurationList = EEE8DF492CF35D44008546D0 /* Build configuration list for PBXNativeTarget "MN4HammerTests" */;
			buildPhases = (
				EEE8DF2E2CF35D44008546D0 /* Sources */,
				EEE8DF2F2CF35D44008546D0 /* Frameworks */,
				EEE8DF302CF35D44008546D0 /* Resources */,
			);
			buildRules = (
			);
			dependencies = (
				EEE8DF342CF35D44008546D0 /* PBXTargetDependency */,
			);
			name = MN4HammerTests;
			packageProductDependencies = (
			);
			productName = MN4HammerTests;
			productReference = EEE8DF322CF35D44008546D0 /* MN4HammerTests.xctest */;
			productType = "com.apple.product-type.bundle.unit-test";
		};
		EEE8DF3B2CF35D44008546D0 /* MN4HammerUITests */ = {
			isa = PBXNativeTarget;
			buildConfigurationList = EEE8DF4C2CF35D44008546D0 /* Build configuration list for PBXNativeTarget "MN4HammerUITests" */;
			buildPhases = (
				EEE8DF382CF35D44008546D0 /* Sources */,
				EEE8DF392CF35D44008546D0 /* Frameworks */,
				EEE8DF3A2CF35D44008546D0 /* Resources */,
			);
			buildRules = (
			);
			dependencies = (
				EEE8DF3E2CF35D44008546D0 /* PBXTargetDependency */,
			);
			name = MN4HammerUITests;
			packageProductDependencies = (
			);
			productName = MN4HammerUITests;
			productReference = EEE8DF3C2CF35D44008546D0 /* MN4HammerUITests.xctest */;
			productType = "com.apple.product-type.bundle.ui-testing";
		};
/* End PBXNativeTarget section */

/* Begin PBXProject section */
		EEE8DF192CF35D42008546D0 /* Project object */ = {
			isa = PBXProject;
			attributes = {
				BuildIndependentTargetsInParallel = 1;
				LastSwiftUpdateCheck = 1610;
				LastUpgradeCheck = 1610;
				TargetAttributes = {
					EEE8DF202CF35D42008546D0 = {
						CreatedOnToolsVersion = 16.1;
					};
					EEE8DF312CF35D44008546D0 = {
						CreatedOnToolsVersion = 16.1;
						TestTargetID = EEE8DF202CF35D42008546D0;
					};
					EEE8DF3B2CF35D44008546D0 = {
						CreatedOnToolsVersion = 16.1;
						TestTargetID = EEE8DF202CF35D42008546D0;
					};
				};
			};
			buildConfigurationList = EEE8DF1C2CF35D42008546D0 /* Build configuration list for PBXProject "MN4Hammer" */;
			developmentRegion = en;
			hasScannedForEncodings = 0;
			knownRegions = (
				en,
				Base,
			);
			mainGroup = EEE8DF182CF35D42008546D0;
			minimizedProjectReferenceProxies = 1;
			preferredProjectObjectVersion = 77;
			productRefGroup = EEE8DF222CF35D42008546D0 /* Products */;
			projectDirPath = "";
			projectRoot = "";
			targets = (
				EEE8DF202CF35D42008546D0 /* MN4Hammer */,
				EEE8DF312CF35D44008546D0 /* MN4HammerTests */,
				EEE8DF3B2CF35D44008546D0 /* MN4HammerUITests */,
			);
		};
/* End PBXProject section */

/* Begin PBXResourcesBuildPhase section */
		EEE8DF1F2CF35D42008546D0 /* Resources */ = {
			isa = PBXResourcesBuildPhase;
			buildActionMask = 2147483647;
			files = (
				EE9F43592D04079100FEDC8F /* Assets.xcassets in Resources */,
				EEE922512CFEDB6C001BCE70 /* README.md in Resources */,
			);
			runOnlyForDeploymentPostprocessing = 0;
		};
		EEE8DF302CF35D44008546D0 /* Resources */ = {
			isa = PBXResourcesBuildPhase;
			buildActionMask = 2147483647;
			files = (
			);
			runOnlyForDeploymentPostprocessing = 0;
		};
		EEE8DF3A2CF35D44008546D0 /* Resources */ = {
			isa = PBXResourcesBuildPhase;
			buildActionMask = 2147483647;
			files = (
			);
			runOnlyForDeploymentPostprocessing = 0;
		};
/* End PBXResourcesBuildPhase section */

/* Begin PBXSourcesBuildPhase section */
		EEE8DF1D2CF35D42008546D0 /* Sources */ = {
			isa = PBXSourcesBuildPhase;
			buildActionMask = 2147483647;
			files = (
				EE9F435B2D04079100FEDC8F /* LogHelper.swift in Sources */,
				EE9F435C2D04079100FEDC8F /* AccessibilityManager.swift in Sources */,
				EE9F435D2D04079100FEDC8F /* ElementCacheManager.swift in Sources */,
				EE9F435E2D04079100FEDC8F /* AppManager.swift in Sources */,
				EE9F435F2D04079100FEDC8F /* BackgroundTaskManager.swift in Sources */,
				EE9F43602D04079100FEDC8F /* CrashReporter.swift in Sources */,
				EE9F43612D04079100FEDC8F /* ErrorManager.swift in Sources */,
				EE9F43622D04079100FEDC8F /* ShortcutManager.swift in Sources */,
				EE9F43632D04079100FEDC8F /* DebugView.swift in Sources */,
				EE9F43642D04079100FEDC8F /* InfoView.swift in Sources */,
				EE9F43652D04079100FEDC8F /* RootView.swift in Sources */,
				EE9F43662D04079100FEDC8F /* ShortcutBindingView.swift in Sources */,
				EE9F43672D04079100FEDC8F /* AppDelegate.swift in Sources */,
				EE9F43682D04079100FEDC8F /* MN4HammerApp.swift in Sources */,
			);
			runOnlyForDeploymentPostprocessing = 0;
		};
		EEE8DF2E2CF35D44008546D0 /* Sources */ = {
			isa = PBXSourcesBuildPhase;
			buildActionMask = 2147483647;
			files = (
			);
			runOnlyForDeploymentPostprocessing = 0;
		};
		EEE8DF382CF35D44008546D0 /* Sources */ = {
			isa = PBXSourcesBuildPhase;
			buildActionMask = 2147483647;
			files = (
			);
			runOnlyForDeploymentPostprocessing = 0;
		};
/* End PBXSourcesBuildPhase section */

/* Begin PBXTargetDependency section */
		EEE8DF342CF35D44008546D0 /* PBXTargetDependency */ = {
			isa = PBXTargetDependency;
			target = EEE8DF202CF35D42008546D0 /* MN4Hammer */;
			targetProxy = EEE8DF332CF35D44008546D0 /* PBXContainerItemProxy */;
		};
		EEE8DF3E2CF35D44008546D0 /* PBXTargetDependency */ = {
			isa = PBXTargetDependency;
			target = EEE8DF202CF35D42008546D0 /* MN4Hammer */;
			targetProxy = EEE8DF3D2CF35D44008546D0 /* PBXContainerItemProxy */;
		};
/* End PBXTargetDependency section */

/* Begin XCBuildConfiguration section */
		EEE8DF442CF35D44008546D0 /* Debug */ = {
			isa = XCBuildConfiguration;
			buildSettings = {
				ALWAYS_SEARCH_USER_PATHS = NO;
				ASSETCATALOG_COMPILER_GENERATE_SWIFT_ASSET_SYMBOL_EXTENSIONS = YES;
				CLANG_ANALYZER_NONNULL = YES;
				CLANG_ANALYZER_NUMBER_OBJECT_CONVERSION = YES_AGGRESSIVE;
				CLANG_CXX_LANGUAGE_STANDARD = "gnu++20";
				CLANG_ENABLE_MODULES = YES;
				CLANG_ENABLE_OBJC_ARC = YES;
				CLANG_ENABLE_OBJC_WEAK = YES;
				CLANG_WARN_BLOCK_CAPTURE_AUTORELEASING = YES;
				CLANG_WARN_BOOL_CONVERSION = YES;
				CLANG_WARN_COMMA = YES;
				CLANG_WARN_CONSTANT_CONVERSION = YES;
				CLANG_WARN_DEPRECATED_OBJC_IMPLEMENTATIONS = YES;
				CLANG_WARN_DIRECT_OBJC_ISA_USAGE = YES_ERROR;
				CLANG_WARN_DOCUMENTATION_COMMENTS = YES;
				CLANG_WARN_EMPTY_BODY = YES;
				CLANG_WARN_ENUM_CONVERSION = YES;
				CLANG_WARN_INFINITE_RECURSION = YES;
				CLANG_WARN_INT_CONVERSION = YES;
				CLANG_WARN_NON_LITERAL_NULL_CONVERSION = YES;
				CLANG_WARN_OBJC_IMPLICIT_RETAIN_SELF = YES;
				CLANG_WARN_OBJC_LITERAL_CONVERSION = YES;
				CLANG_WARN_OBJC_ROOT_CLASS = YES_ERROR;
				CLANG_WARN_QUOTED_INCLUDE_IN_FRAMEWORK_HEADER = YES;
				CLANG_WARN_RANGE_LOOP_ANALYSIS = YES;
				CLANG_WARN_STRICT_PROTOTYPES = YES;
				CLANG_WARN_SUSPICIOUS_MOVE = YES;
				CLANG_WARN_UNGUARDED_AVAILABILITY = YES_AGGRESSIVE;
				CLANG_WARN_UNREACHABLE_CODE = YES;
				CLANG_WARN__DUPLICATE_METHOD_MATCH = YES;
				COPY_PHASE_STRIP = NO;
				DEBUG_INFORMATION_FORMAT = dwarf;
				ENABLE_STRICT_OBJC_MSGSEND = YES;
				ENABLE_TESTABILITY = YES;
				ENABLE_USER_SCRIPT_SANDBOXING = YES;
				GCC_C_LANGUAGE_STANDARD = gnu17;
				GCC_DYNAMIC_NO_PIC = NO;
				GCC_NO_COMMON_BLOCKS = YES;
				GCC_OPTIMIZATION_LEVEL = 0;
				GCC_PREPROCESSOR_DEFINITIONS = (
					"DEBUG=1",
					"$(inherited)",
				);
				GCC_WARN_64_TO_32_BIT_CONVERSION = YES;
				GCC_WARN_ABOUT_RETURN_TYPE = YES_ERROR;
				GCC_WARN_UNDECLARED_SELECTOR = YES;
				GCC_WARN_UNINITIALIZED_AUTOS = YES_AGGRESSIVE;
				GCC_WARN_UNUSED_FUNCTION = YES;
				GCC_WARN_UNUSED_VARIABLE = YES;
				LOCALIZATION_PREFERS_STRING_CATALOGS = YES;
				MACOSX_DEPLOYMENT_TARGET = 15.1;
				MTL_ENABLE_DEBUG_INFO = INCLUDE_SOURCE;
				MTL_FAST_MATH = YES;
				ONLY_ACTIVE_ARCH = YES;
				SDKROOT = macosx;
				SWIFT_ACTIVE_COMPILATION_CONDITIONS = "DEBUG $(inherited)";
				SWIFT_OPTIMIZATION_LEVEL = "-Onone";
			};
			name = Debug;
		};
		EEE8DF452CF35D44008546D0 /* Release */ = {
			isa = XCBuildConfiguration;
			buildSettings = {
				ALWAYS_SEARCH_USER_PATHS = NO;
				ASSETCATALOG_COMPILER_GENERATE_SWIFT_ASSET_SYMBOL_EXTENSIONS = YES;
				CLANG_ANALYZER_NONNULL = YES;
				CLANG_ANALYZER_NUMBER_OBJECT_CONVERSION = YES_AGGRESSIVE;
				CLANG_CXX_LANGUAGE_STANDARD = "gnu++20";
				CLANG_ENABLE_MODULES = YES;
				CLANG_ENABLE_OBJC_ARC = YES;
				CLANG_ENABLE_OBJC_WEAK = YES;
				CLANG_WARN_BLOCK_CAPTURE_AUTORELEASING = YES;
				CLANG_WARN_BOOL_CONVERSION = YES;
				CLANG_WARN_COMMA = YES;
				CLANG_WARN_CONSTANT_CONVERSION = YES;
				CLANG_WARN_DEPRECATED_OBJC_IMPLEMENTATIONS = YES;
				CLANG_WARN_DIRECT_OBJC_ISA_USAGE = YES_ERROR;
				CLANG_WARN_DOCUMENTATION_COMMENTS = YES;
				CLANG_WARN_EMPTY_BODY = YES;
				CLANG_WARN_ENUM_CONVERSION = YES;
				CLANG_WARN_INFINITE_RECURSION = YES;
				CLANG_WARN_INT_CONVERSION = YES;
				CLANG_WARN_NON_LITERAL_NULL_CONVERSION = YES;
				CLANG_WARN_OBJC_IMPLICIT_RETAIN_SELF = YES;
				CLANG_WARN_OBJC_LITERAL_CONVERSION = YES;
				CLANG_WARN_OBJC_ROOT_CLASS = YES_ERROR;
				CLANG_WARN_QUOTED_INCLUDE_IN_FRAMEWORK_HEADER = YES;
				CLANG_WARN_RANGE_LOOP_ANALYSIS = YES;
				CLANG_WARN_STRICT_PROTOTYPES = YES;
				CLANG_WARN_SUSPICIOUS_MOVE = YES;
				CLANG_WARN_UNGUARDED_AVAILABILITY = YES_AGGRESSIVE;
				CLANG_WARN_UNREACHABLE_CODE = YES;
				CLANG_WARN__DUPLICATE_METHOD_MATCH = YES;
				COPY_PHASE_STRIP = NO;
				DEBUG_INFORMATION_FORMAT = "dwarf-with-dsym";
				ENABLE_NS_ASSERTIONS = NO;
				ENABLE_STRICT_OBJC_MSGSEND = YES;
				ENABLE_USER_SCRIPT_SANDBOXING = YES;
				GCC_C_LANGUAGE_STANDARD = gnu17;
				GCC_NO_COMMON_BLOCKS = YES;
				GCC_WARN_64_TO_32_BIT_CONVERSION = YES;
				GCC_WARN_ABOUT_RETURN_TYPE = YES_ERROR;
				GCC_WARN_UNDECLARED_SELECTOR = YES;
				GCC_WARN_UNINITIALIZED_AUTOS = YES_AGGRESSIVE;
				GCC_WARN_UNUSED_FUNCTION = YES;
				GCC_WARN_UNUSED_VARIABLE = YES;
				LOCALIZATION_PREFERS_STRING_CATALOGS = YES;
				MACOSX_DEPLOYMENT_TARGET = 15.1;
				MTL_ENABLE_DEBUG_INFO = NO;
				MTL_FAST_MATH = YES;
				SDKROOT = macosx;
				SWIFT_COMPILATION_MODE = wholemodule;
			};
			name = Release;
		};
		EEE8DF472CF35D44008546D0 /* Debug */ = {
			isa = XCBuildConfiguration;
			buildSettings = {
				ASSETCATALOG_COMPILER_APPICON_NAME = AppIcon;
				ASSETCATALOG_COMPILER_GLOBAL_ACCENT_COLOR_NAME = AccentColor;
				CODE_SIGN_ENTITLEMENTS = MN4Hammer/MN4Hammer.entitlements;
				CODE_SIGN_STYLE = Automatic;
				COMBINE_HIDPI_IMAGES = YES;
				CURRENT_PROJECT_VERSION = 1;
				DEVELOPMENT_ASSET_PATHS = "\"MN4Hammer/Preview Content\"";
				DEVELOPMENT_TEAM = BT5NFGMUL9;
				ENABLE_PREVIEWS = YES;
				GENERATE_INFOPLIST_FILE = YES;
				INFOPLIST_FILE = MN4Hammer/Info.plist;
				INFOPLIST_KEY_NSHumanReadableCopyright = "";
				LD_RUNPATH_SEARCH_PATHS = (
					"$(inherited)",
					"@executable_path/../Frameworks",
				);
				MARKETING_VERSION = 1.0;
				PRODUCT_BUNDLE_IDENTIFIER = com.linan.MN4Hammer;
				PRODUCT_NAME = "$(TARGET_NAME)";
				SWIFT_EMIT_LOC_STRINGS = YES;
				SWIFT_VERSION = 5.0;
			};
			name = Debug;
		};
		EEE8DF482CF35D44008546D0 /* Release */ = {
			isa = XCBuildConfiguration;
			buildSettings = {
				ASSETCATALOG_COMPILER_APPICON_NAME = AppIcon;
				ASSETCATALOG_COMPILER_GLOBAL_ACCENT_COLOR_NAME = AccentColor;
				CODE_SIGN_ENTITLEMENTS = MN4Hammer/MN4Hammer.entitlements;
				CODE_SIGN_STYLE = Automatic;
				COMBINE_HIDPI_IMAGES = YES;
				CURRENT_PROJECT_VERSION = 1;
				DEVELOPMENT_ASSET_PATHS = "\"MN4Hammer/Preview Content\"";
				DEVELOPMENT_TEAM = BT5NFGMUL9;
				ENABLE_PREVIEWS = YES;
				GENERATE_INFOPLIST_FILE = YES;
				INFOPLIST_FILE = MN4Hammer/Info.plist;
				INFOPLIST_KEY_NSHumanReadableCopyright = "";
				LD_RUNPATH_SEARCH_PATHS = (
					"$(inherited)",
					"@executable_path/../Frameworks",
				);
				MARKETING_VERSION = 1.0;
				PRODUCT_BUNDLE_IDENTIFIER = com.linan.MN4Hammer;
				PRODUCT_NAME = "$(TARGET_NAME)";
				SWIFT_EMIT_LOC_STRINGS = YES;
				SWIFT_VERSION = 5.0;
			};
			name = Release;
		};
		EEE8DF4A2CF35D44008546D0 /* Debug */ = {
			isa = XCBuildConfiguration;
			buildSettings = {
				BUNDLE_LOADER = "$(TEST_HOST)";
				CODE_SIGN_STYLE = Automatic;
				CURRENT_PROJECT_VERSION = 1;
				GENERATE_INFOPLIST_FILE = YES;
				MACOSX_DEPLOYMENT_TARGET = 15.1;
				MARKETING_VERSION = 1.0;
				PRODUCT_BUNDLE_IDENTIFIER = com.linan.MN4HammerTests;
				PRODUCT_NAME = "$(TARGET_NAME)";
				SWIFT_EMIT_LOC_STRINGS = NO;
				SWIFT_VERSION = 5.0;
				TEST_HOST = "$(BUILT_PRODUCTS_DIR)/MN4Hammer.app/$(BUNDLE_EXECUTABLE_FOLDER_PATH)/MN4Hammer";
			};
			name = Debug;
		};
		EEE8DF4B2CF35D44008546D0 /* Release */ = {
			isa = XCBuildConfiguration;
			buildSettings = {
				BUNDLE_LOADER = "$(TEST_HOST)";
				CODE_SIGN_STYLE = Automatic;
				CURRENT_PROJECT_VERSION = 1;
				GENERATE_INFOPLIST_FILE = YES;
				MACOSX_DEPLOYMENT_TARGET = 15.1;
				MARKETING_VERSION = 1.0;
				PRODUCT_BUNDLE_IDENTIFIER = com.linan.MN4HammerTests;
				PRODUCT_NAME = "$(TARGET_NAME)";
				SWIFT_EMIT_LOC_STRINGS = NO;
				SWIFT_VERSION = 5.0;
				TEST_HOST = "$(BUILT_PRODUCTS_DIR)/MN4Hammer.app/$(BUNDLE_EXECUTABLE_FOLDER_PATH)/MN4Hammer";
			};
			name = Release;
		};
		EEE8DF4D2CF35D44008546D0 /* Debug */ = {
			isa = XCBuildConfiguration;
			buildSettings = {
				CODE_SIGN_STYLE = Automatic;
				CURRENT_PROJECT_VERSION = 1;
				GENERATE_INFOPLIST_FILE = YES;
				MARKETING_VERSION = 1.0;
				PRODUCT_BUNDLE_IDENTIFIER = com.linan.MN4HammerUITests;
				PRODUCT_NAME = "$(TARGET_NAME)";
				SWIFT_EMIT_LOC_STRINGS = NO;
				SWIFT_VERSION = 5.0;
				TEST_TARGET_NAME = MN4Hammer;
			};
			name = Debug;
		};
		EEE8DF4E2CF35D44008546D0 /* Release */ = {
			isa = XCBuildConfiguration;
			buildSettings = {
				CODE_SIGN_STYLE = Automatic;
				CURRENT_PROJECT_VERSION = 1;
				GENERATE_INFOPLIST_FILE = YES;
				MARKETING_VERSION = 1.0;
				PRODUCT_BUNDLE_IDENTIFIER = com.linan.MN4HammerUITests;
				PRODUCT_NAME = "$(TARGET_NAME)";
				SWIFT_EMIT_LOC_STRINGS = NO;
				SWIFT_VERSION = 5.0;
				TEST_TARGET_NAME = MN4Hammer;
			};
			name = Release;
		};
/* End XCBuildConfiguration section */

/* Begin XCConfigurationList section */
		EEE8DF1C2CF35D42008546D0 /* Build configuration list for PBXProject "MN4Hammer" */ = {
			isa = XCConfigurationList;
			buildConfigurations = (
				EEE8DF442CF35D44008546D0 /* Debug */,
				EEE8DF452CF35D44008546D0 /* Release */,
			);
			defaultConfigurationIsVisible = 0;
			defaultConfigurationName = Release;
		};
		EEE8DF462CF35D44008546D0 /* Build configuration list for PBXNativeTarget "MN4Hammer" */ = {
			isa = XCConfigurationList;
			buildConfigurations = (
				EEE8DF472CF35D44008546D0 /* Debug */,
				EEE8DF482CF35D44008546D0 /* Release */,
			);
			defaultConfigurationIsVisible = 0;
			defaultConfigurationName = Release;
		};
		EEE8DF492CF35D44008546D0 /* Build configuration list for PBXNativeTarget "MN4HammerTests" */ = {
			isa = XCConfigurationList;
			buildConfigurations = (
				EEE8DF4A2CF35D44008546D0 /* Debug */,
				EEE8DF4B2CF35D44008546D0 /* Release */,
			);
			defaultConfigurationIsVisible = 0;
			defaultConfigurationName = Release;
		};
		EEE8DF4C2CF35D44008546D0 /* Build configuration list for PBXNativeTarget "MN4HammerUITests" */ = {
			isa = XCConfigurationList;
			buildConfigurations = (
				EEE8DF4D2CF35D44008546D0 /* Debug */,
				EEE8DF4E2CF35D44008546D0 /* Release */,
			);
			defaultConfigurationIsVisible = 0;
			defaultConfigurationName = Release;
		};
/* End XCConfigurationList section */
	};
	rootObject = EEE8DF192CF35D42008546D0 /* Project object */;
}
